<?xml version="1.0" encoding="utf-8"?>
<Project ToolsVersion="4.0" xmlns="http://schemas.microsoft.com/developer/msbuild/2003">
  <ItemGroup>
    <Filter Include="Source Files">
      <UniqueIdentifier>{4FC737F1-C7A5-4376-A066-2A32D752A2FF}</UniqueIdentifier>
      <Extensions>cpp;c;cc;cxx;def;odl;idl;hpj;bat;asm;asmx</Extensions>
    </Filter>
    <Filter Include="Header Files">
      <UniqueIdentifier>{93995380-89BD-4b04-88EB-625FBE52EBFB}</UniqueIdentifier>
      <Extensions>h;hh;hpp;hxx;hm;inl;inc;ipp;xsd</Extensions>
    </Filter>
    <Filter Include="Resource Files">
      <UniqueIdentifier>{67DA6AB6-F800-4c08-8B7A-83BB121AAD01}</UniqueIdentifier>
      <Extensions>rc;ico;cur;bmp;dlg;rc2;rct;bin;rgs;gif;jpg;jpeg;jpe;resx;tiff;tif;png;wav;mfcribbon-ms</Extensions>
    </Filter>
  </ItemGroup>
  <ItemGroup>
    <ClInclude Include="dftypes.h">
      <Filter>Header Files</Filter>
    </ClInclude>
    <ClInclude Include="states\stateinit.h">
      <Filter>Header Files</Filter>
    </ClInclude>
    <ClInclude Include="states\statevirtual.h">
      <Filter>Header Files</Filter>
    </ClInclude>
    <ClInclude Include="objects\dispenser.h">
      <Filter>Header Files</Filter>
    </ClInclude>
    <ClInclude Include="objects\drink.h">
      <Filter>Header Files</Filter>
    </ClInclude>
    <ClInclude Include="objects\messagemediator.h">
      <Filter>Header Files</Filter>
    </ClInclude>
    <ClInclude Include="components\i2cgpios.h">
      <Filter>Header Files</Filter>
    </ClInclude>
    <ClInclude Include="components\interrupt.h">
      <Filter>Header Files</Filter>
    </ClInclude>
    <ClInclude Include="components\levelsensor.h">
      <Filter>Header Files</Filter>
    </ClInclude>
    <ClInclude Include="components\mcp23017.h">
      <Filter>Header Files</Filter>
    </ClInclude>
    <ClInclude Include="components\setgpio.h">
      <Filter>Header Files</Filter>
    </ClInclude>
    <ClInclude Include="components\smbus.h">
      <Filter>Header Files</Filter>
    </ClInclude>
    <ClInclude Include="components\gpio.h">
      <Filter>Header Files</Filter>
    </ClInclude>
    <ClInclude Include="components\oddyseyx86GPIO.h">
      <Filter>Header Files</Filter>
    </ClInclude>
    <ClInclude Include="objects\debugoutput.h">
      <Filter>Header Files</Filter>
    </ClInclude>
  </ItemGroup>
  <ItemGroup>
    <ClCompile Include="fsm.cpp">
      <Filter>Source Files</Filter>
    </ClCompile>
    <ClCompile Include="states\stateinit.cpp">
      <Filter>Source Files</Filter>
    </ClCompile>
    <ClCompile Include="states\statevirtual.cpp">
      <Filter>Source Files</Filter>
    </ClCompile>
    <ClCompile Include="objects\messagemediator.cpp">
      <Filter>Source Files</Filter>
    </ClCompile>
    <ClCompile Include="components\i2cgpios.cpp">
      <Filter>Source Files</Filter>
    </ClCompile>
    <ClCompile Include="components\interrupt.cpp">
      <Filter>Source Files</Filter>
    </ClCompile>
    <ClCompile Include="components\levelsensor.cpp">
      <Filter>Source Files</Filter>
    </ClCompile>
    <ClCompile Include="components\mcp23017.cpp">
      <Filter>Source Files</Filter>
    </ClCompile>
    <ClCompile Include="components\setgpio.cpp">
      <Filter>Source Files</Filter>
    </ClCompile>
    <ClCompile Include="components\smbus.c">
      <Filter>Source Files</Filter>
    </ClCompile>
    <ClCompile Include="components\gpio.cpp">
      <Filter>Source Files</Filter>
    </ClCompile>
    <ClCompile Include="components\oddyseyx86GPIO.cpp">
      <Filter>Source Files</Filter>
    </ClCompile>
    <ClCompile Include="objects\debugoutput.cpp">
      <Filter>Source Files</Filter>
    </ClCompile>
  </ItemGroup>
</Project>